// !$*UTF8*$!
{
	archiveVersion = 1;
	classes = {
	};
	objectVersion = 48;
	objects = {

/* Begin PBXBuildFile section */
		A5BA71D41FAFB3F900485952 /* AppDelegate.swift in Sources */ = {isa = PBXBuildFile; fileRef = A5BA71D31FAFB3F900485952 /* AppDelegate.swift */; };
		A5BA71D61FAFB3F900485952 /* art.scnassets in Resources */ = {isa = PBXBuildFile; fileRef = A5BA71D51FAFB3F900485952 /* art.scnassets */; };
		A5BA71D81FAFB3F900485952 /* ViewController.swift in Sources */ = {isa = PBXBuildFile; fileRef = A5BA71D71FAFB3F900485952 /* ViewController.swift */; };
		A5BA71DB1FAFB3F900485952 /* Main.storyboard in Resources */ = {isa = PBXBuildFile; fileRef = A5BA71D91FAFB3F900485952 /* Main.storyboard */; };
		A5BA71DD1FAFB3F900485952 /* Assets.xcassets in Resources */ = {isa = PBXBuildFile; fileRef = A5BA71DC1FAFB3F900485952 /* Assets.xcassets */; };
		A5BA71E01FAFB3F900485952 /* LaunchScreen.storyboard in Resources */ = {isa = PBXBuildFile; fileRef = A5BA71DE1FAFB3F900485952 /* LaunchScreen.storyboard */; };
		A5BA71EB1FAFB3F900485952 /* AR_TestTests.swift in Sources */ = {isa = PBXBuildFile; fileRef = A5BA71EA1FAFB3F900485952 /* AR_TestTests.swift */; };
		A5BA71F61FAFB3F900485952 /* AR_TestUITests.swift in Sources */ = {isa = PBXBuildFile; fileRef = A5BA71F51FAFB3F900485952 /* AR_TestUITests.swift */; };
/* End PBXBuildFile section */

/* Begin PBXContainerItemProxy section */
		A5BA71E71FAFB3F900485952 /* PBXContainerItemProxy */ = {
			isa = PBXContainerItemProxy;
			containerPortal = A5BA71C81FAFB3F900485952 /* Project object */;
			proxyType = 1;
			remoteGlobalIDString = A5BA71CF1FAFB3F900485952;
			remoteInfo = AR_Test;
		};
		A5BA71F21FAFB3F900485952 /* PBXContainerItemProxy */ = {
			isa = PBXContainerItemProxy;
			containerPortal = A5BA71C81FAFB3F900485952 /* Project object */;
			proxyType = 1;
			remoteGlobalIDString = A5BA71CF1FAFB3F900485952;
			remoteInfo = AR_Test;
		};
/* End PBXContainerItemProxy section */

/* Begin PBXFileReference section */
		A5BA71D01FAFB3F900485952 /* AR_Test.app */ = {isa = PBXFileReference; explicitFileType = wrapper.application; includeInIndex = 0; path = AR_Test.app; sourceTree = BUILT_PRODUCTS_DIR; };
		A5BA71D31FAFB3F900485952 /* AppDelegate.swift */ = {isa = PBXFileReference; lastKnownFileType = sourcecode.swift; path = AppDelegate.swift; sourceTree = "<group>"; };
		A5BA71D51FAFB3F900485952 /* art.scnassets */ = {isa = PBXFileReference; lastKnownFileType = wrapper.scnassets; path = art.scnassets; sourceTree = "<group>"; };
		A5BA71D71FAFB3F900485952 /* ViewController.swift */ = {isa = PBXFileReference; lastKnownFileType = sourcecode.swift; path = ViewController.swift; sourceTree = "<group>"; };
		A5BA71DA1FAFB3F900485952 /* Base */ = {isa = PBXFileReference; lastKnownFileType = file.storyboard; name = Base; path = Base.lproj/Main.storyboard; sourceTree = "<group>"; };
		A5BA71DC1FAFB3F900485952 /* Assets.xcassets */ = {isa = PBXFileReference; lastKnownFileType = folder.assetcatalog; path = Assets.xcassets; sourceTree = "<group>"; };
		A5BA71DF1FAFB3F900485952 /* Base */ = {isa = PBXFileReference; lastKnownFileType = file.storyboard; name = Base; path = Base.lproj/LaunchScreen.storyboard; sourceTree = "<group>"; };
		A5BA71E11FAFB3F900485952 /* Info.plist */ = {isa = PBXFileReference; lastKnownFileType = text.plist.xml; path = Info.plist; sourceTree = "<group>"; };
		A5BA71E61FAFB3F900485952 /* AR_TestTests.xctest */ = {isa = PBXFileReference; explicitFileType = wrapper.cfbundle; includeInIndex = 0; path = AR_TestTests.xctest; sourceTree = BUILT_PRODUCTS_DIR; };
		A5BA71EA1FAFB3F900485952 /* AR_TestTests.swift */ = {isa = PBXFileReference; lastKnownFileType = sourcecode.swift; path = AR_TestTests.swift; sourceTree = "<group>"; };
		A5BA71EC1FAFB3F900485952 /* Info.plist */ = {isa = PBXFileReference; lastKnownFileType = text.plist.xml; path = Info.plist; sourceTree = "<group>"; };
		A5BA71F11FAFB3F900485952 /* AR_TestUITests.xctest */ = {isa = PBXFileReference; explicitFileType = wrapper.cfbundle; includeInIndex = 0; path = AR_TestUITests.xctest; sourceTree = BUILT_PRODUCTS_DIR; };
		A5BA71F51FAFB3F900485952 /* AR_TestUITests.swift */ = {isa = PBXFileReference; lastKnownFileType = sourcecode.swift; path = AR_TestUITests.swift; sourceTree = "<group>"; };
		A5BA71F71FAFB3F900485952 /* Info.plist */ = {isa = PBXFileReference; lastKnownFileType = text.plist.xml; path = Info.plist; sourceTree = "<group>"; };
/* End PBXFileReference section */

/* Begin PBXFrameworksBuildPhase section */
		A5BA71CD1FAFB3F900485952 /* Frameworks */ = {
			isa = PBXFrameworksBuildPhase;
			buildActionMask = 2147483647;
			files = (
			);
			runOnlyForDeploymentPostprocessing = 0;
		};
		A5BA71E31FAFB3F900485952 /* Frameworks */ = {
			isa = PBXFrameworksBuildPhase;
			buildActionMask = 2147483647;
			files = (
			);
			runOnlyForDeploymentPostprocessing = 0;
		};
		A5BA71EE1FAFB3F900485952 /* Frameworks */ = {
			isa = PBXFrameworksBuildPhase;
			buildActionMask = 2147483647;
			files = (
			);
			runOnlyForDeploymentPostprocessing = 0;
		};
/* End PBXFrameworksBuildPhase section */

/* Begin PBXGroup section */
		A5BA71C71FAFB3F900485952 = {
			isa = PBXGroup;
			children = (
				A5BA71D21FAFB3F900485952 /* AR_Test */,
				A5BA71E91FAFB3F900485952 /* AR_TestTests */,
				A5BA71F41FAFB3F900485952 /* AR_TestUITests */,
				A5BA71D11FAFB3F900485952 /* Products */,
			);
			sourceTree = "<group>";
		};
		A5BA71D11FAFB3F900485952 /* Products */ = {
			isa = PBXGroup;
			children = (
				A5BA71D01FAFB3F900485952 /* AR_Test.app */,
				A5BA71E61FAFB3F900485952 /* AR_TestTests.xctest */,
				A5BA71F11FAFB3F900485952 /* AR_TestUITests.xctest */,
			);
			name = Products;
			sourceTree = "<group>";
		};
		A5BA71D21FAFB3F900485952 /* AR_Test */ = {
			isa = PBXGroup;
			children = (
				A5BA71D31FAFB3F900485952 /* AppDelegate.swift */,
				A5BA71D51FAFB3F900485952 /* art.scnassets */,
				A5BA71D71FAFB3F900485952 /* ViewController.swift */,
				A5BA71D91FAFB3F900485952 /* Main.storyboard */,
				A5BA71DC1FAFB3F900485952 /* Assets.xcassets */,
				A5BA71DE1FAFB3F900485952 /* LaunchScreen.storyboard */,
				A5BA71E11FAFB3F900485952 /* Info.plist */,
			);
			path = AR_Test;
			sourceTree = "<group>";
		};
		A5BA71E91FAFB3F900485952 /* AR_TestTests */ = {
			isa = PBXGroup;
			children = (
				A5BA71EA1FAFB3F900485952 /* AR_TestTests.swift */,
				A5BA71EC1FAFB3F900485952 /* Info.plist */,
			);
			path = AR_TestTests;
			sourceTree = "<group>";
		};
		A5BA71F41FAFB3F900485952 /* AR_TestUITests */ = {
			isa = PBXGroup;
			children = (
				A5BA71F51FAFB3F900485952 /* AR_TestUITests.swift */,
				A5BA71F71FAFB3F900485952 /* Info.plist */,
			);
			path = AR_TestUITests;
			sourceTree = "<group>";
		};
/* End PBXGroup section */

/* Begin PBXNativeTarget section */
		A5BA71CF1FAFB3F900485952 /* AR_Test */ = {
			isa = PBXNativeTarget;
			buildConfigurationList = A5BA71FA1FAFB3F900485952 /* Build configuration list for PBXNativeTarget "AR_Test" */;
			buildPhases = (
				A5BA71CC1FAFB3F900485952 /* Sources */,
				A5BA71CD1FAFB3F900485952 /* Frameworks */,
				A5BA71CE1FAFB3F900485952 /* Resources */,
			);
			buildRules = (
			);
			dependencies = (
			);
			name = AR_Test;
			productName = AR_Test;
			productReference = A5BA71D01FAFB3F900485952 /* AR_Test.app */;
			productType = "com.apple.product-type.application";
		};
		A5BA71E51FAFB3F900485952 /* AR_TestTests */ = {
			isa = PBXNativeTarget;
			buildConfigurationList = A5BA71FD1FAFB3F900485952 /* Build configuration list for PBXNativeTarget "AR_TestTests" */;
			buildPhases = (
				A5BA71E21FAFB3F900485952 /* Sources */,
				A5BA71E31FAFB3F900485952 /* Frameworks */,
				A5BA71E41FAFB3F900485952 /* Resources */,
			);
			buildRules = (
			);
			dependencies = (
				A5BA71E81FAFB3F900485952 /* PBXTargetDependency */,
			);
			name = AR_TestTests;
			productName = AR_TestTests;
			productReference = A5BA71E61FAFB3F900485952 /* AR_TestTests.xctest */;
			productType = "com.apple.product-type.bundle.unit-test";
		};
		A5BA71F01FAFB3F900485952 /* AR_TestUITests */ = {
			isa = PBXNativeTarget;
			buildConfigurationList = A5BA72001FAFB3F900485952 /* Build configuration list for PBXNativeTarget "AR_TestUITests" */;
			buildPhases = (
				A5BA71ED1FAFB3F900485952 /* Sources */,
				A5BA71EE1FAFB3F900485952 /* Frameworks */,
				A5BA71EF1FAFB3F900485952 /* Resources */,
			);
			buildRules = (
			);
			dependencies = (
				A5BA71F31FAFB3F900485952 /* PBXTargetDependency */,
			);
			name = AR_TestUITests;
			productName = AR_TestUITests;
			productReference = A5BA71F11FAFB3F900485952 /* AR_TestUITests.xctest */;
			productType = "com.apple.product-type.bundle.ui-testing";
		};
/* End PBXNativeTarget section */

/* Begin PBXProject section */
		A5BA71C81FAFB3F900485952 /* Project object */ = {
			isa = PBXProject;
			attributes = {
				LastSwiftUpdateCheck = 0900;
				LastUpgradeCheck = 0900;
				ORGANIZATIONNAME = "cyrus refahi";
				TargetAttributes = {
					A5BA71CF1FAFB3F900485952 = {
						CreatedOnToolsVersion = 9.0;
						ProvisioningStyle = Automatic;
					};
					A5BA71E51FAFB3F900485952 = {
						CreatedOnToolsVersion = 9.0;
						ProvisioningStyle = Automatic;
						TestTargetID = A5BA71CF1FAFB3F900485952;
					};
					A5BA71F01FAFB3F900485952 = {
						CreatedOnToolsVersion = 9.0;
						ProvisioningStyle = Automatic;
						TestTargetID = A5BA71CF1FAFB3F900485952;
					};
				};
			};
			buildConfigurationList = A5BA71CB1FAFB3F900485952 /* Build configuration list for PBXProject "AR_Test" */;
			compatibilityVersion = "Xcode 8.0";
			developmentRegion = en;
			hasScannedForEncodings = 0;
			knownRegions = (
				en,
				Base,
			);
			mainGroup = A5BA71C71FAFB3F900485952;
			productRefGroup = A5BA71D11FAFB3F900485952 /* Products */;
			projectDirPath = "";
			projectRoot = "";
			targets = (
				A5BA71CF1FAFB3F900485952 /* AR_Test */,
				A5BA71E51FAFB3F900485952 /* AR_TestTests */,
				A5BA71F01FAFB3F900485952 /* AR_TestUITests */,
			);
		};
/* End PBXProject section */

/* Begin PBXResourcesBuildPhase section */
		A5BA71CE1FAFB3F900485952 /* Resources */ = {
			isa = PBXResourcesBuildPhase;
			buildActionMask = 2147483647;
			files = (
				A5BA71D61FAFB3F900485952 /* art.scnassets in Resources */,
				A5BA71E01FAFB3F900485952 /* LaunchScreen.storyboard in Resources */,
				A5BA71DD1FAFB3F900485952 /* Assets.xcassets in Resources */,
				A5BA71DB1FAFB3F900485952 /* Main.storyboard in Resources */,
			);
			runOnlyForDeploymentPostprocessing = 0;
		};
		A5BA71E41FAFB3F900485952 /* Resources */ = {
			isa = PBXResourcesBuildPhase;
			buildActionMask = 2147483647;
			files = (
			);
			runOnlyForDeploymentPostprocessing = 0;
		};
		A5BA71EF1FAFB3F900485952 /* Resources */ = {
			isa = PBXResourcesBuildPhase;
			buildActionMask = 2147483647;
			files = (
			);
			runOnlyForDeploymentPostprocessing = 0;
		};
/* End PBXResourcesBuildPhase section */

/* Begin PBXSourcesBuildPhase section */
		A5BA71CC1FAFB3F900485952 /* Sources */ = {
			isa = PBXSourcesBuildPhase;
			buildActionMask = 2147483647;
			files = (
				A5BA71D81FAFB3F900485952 /* ViewController.swift in Sources */,
				A5BA71D41FAFB3F900485952 /* AppDelegate.swift in Sources */,
			);
			runOnlyForDeploymentPostprocessing = 0;
		};
		A5BA71E21FAFB3F900485952 /* Sources */ = {
			isa = PBXSourcesBuildPhase;
			buildActionMask = 2147483647;
			files = (
				A5BA71EB1FAFB3F900485952 /* AR_TestTests.swift in Sources */,
			);
			runOnlyForDeploymentPostprocessing = 0;
		};
		A5BA71ED1FAFB3F900485952 /* Sources */ = {
			isa = PBXSourcesBuildPhase;
			buildActionMask = 2147483647;
			files = (
				A5BA71F61FAFB3F900485952 /* AR_TestUITests.swift in Sources */,
			);
			runOnlyForDeploymentPostprocessing = 0;
		};
/* End PBXSourcesBuildPhase section */

/* Begin PBXTargetDependency section */
		A5BA71E81FAFB3F900485952 /* PBXTargetDependency */ = {
			isa = PBXTargetDependency;
			target = A5BA71CF1FAFB3F900485952 /* AR_Test */;
			targetProxy = A5BA71E71FAFB3F900485952 /* PBXContainerItemProxy */;
		};
		A5BA71F31FAFB3F900485952 /* PBXTargetDependency */ = {
			isa = PBXTargetDependency;
			target = A5BA71CF1FAFB3F900485952 /* AR_Test */;
			targetProxy = A5BA71F21FAFB3F900485952 /* PBXContainerItemProxy */;
		};
/* End PBXTargetDependency section */

/* Begin PBXVariantGroup section */
		A5BA71D91FAFB3F900485952 /* Main.storyboard */ = {
			isa = PBXVariantGroup;
			children = (
				A5BA71DA1FAFB3F900485952 /* Base */,
			);
			name = Main.storyboard;
			sourceTree = "<group>";
		};
		A5BA71DE1FAFB3F900485952 /* LaunchScreen.storyboard */ = {
			isa = PBXVariantGroup;
			children = (
				A5BA71DF1FAFB3F900485952 /* Base */,
			);
			name = LaunchScreen.storyboard;
			sourceTree = "<group>";
		};
/* End PBXVariantGroup section */

/* Begin XCBuildConfiguration section */
		A5BA71F81FAFB3F900485952 /* Debug */ = {
			isa = XCBuildConfiguration;
			buildSettings = {
				ALWAYS_SEARCH_USER_PATHS = NO;
				CLANG_ANALYZER_NONNULL = YES;
				CLANG_ANALYZER_NUMBER_OBJECT_CONVERSION = YES_AGGRESSIVE;
				CLANG_CXX_LANGUAGE_STANDARD = "gnu++14";
				CLANG_CXX_LIBRARY = "libc++";
				CLANG_ENABLE_MODULES = YES;
				CLANG_ENABLE_OBJC_ARC = YES;
				CLANG_WARN_BLOCK_CAPTURE_AUTORELEASING = YES;
				CLANG_WARN_BOOL_CONVERSION = YES;
				CLANG_WARN_COMMA = YES;
				CLANG_WARN_CONSTANT_CONVERSION = YES;
				CLANG_WARN_DIRECT_OBJC_ISA_USAGE = YES_ERROR;
				CLANG_WARN_DOCUMENTATION_COMMENTS = YES;
				CLANG_WARN_EMPTY_BODY = YES;
				CLANG_WARN_ENUM_CONVERSION = YES;
				CLANG_WARN_INFINITE_RECURSION = YES;
				CLANG_WARN_INT_CONVERSION = YES;
				CLANG_WARN_NON_LITERAL_NULL_CONVERSION = YES;
				CLANG_WARN_OBJC_LITERAL_CONVERSION = YES;
				CLANG_WARN_OBJC_ROOT_CLASS = YES_ERROR;
				CLANG_WARN_RANGE_LOOP_ANALYSIS = YES;
				CLANG_WARN_STRICT_PROTOTYPES = YES;
				CLANG_WARN_SUSPICIOUS_MOVE = YES;
				CLANG_WARN_UNGUARDED_AVAILABILITY = YES_AGGRESSIVE;
				CLANG_WARN_UNREACHABLE_CODE = YES;
				CLANG_WARN__DUPLICATE_METHOD_MATCH = YES;
				CODE_SIGN_IDENTITY = "iPhone Developer";
				COPY_PHASE_STRIP = NO;
				DEBUG_INFORMATION_FORMAT = dwarf;
				ENABLE_STRICT_OBJC_MSGSEND = YES;
				ENABLE_TESTABILITY = YES;
				GCC_C_LANGUAGE_STANDARD = gnu11;
				GCC_DYNAMIC_NO_PIC = NO;
				GCC_NO_COMMON_BLOCKS = YES;
				GCC_OPTIMIZATION_LEVEL = 0;
				GCC_PREPROCESSOR_DEFINITIONS = (
					"DEBUG=1",
					"$(inherited)",
				);
				GCC_WARN_64_TO_32_BIT_CONVERSION = YES;
				GCC_WARN_ABOUT_RETURN_TYPE = YES_ERROR;
				GCC_WARN_UNDECLARED_SELECTOR = YES;
				GCC_WARN_UNINITIALIZED_AUTOS = YES_AGGRESSIVE;
				GCC_WARN_UNUSED_FUNCTION = YES;
				GCC_WARN_UNUSED_VARIABLE = YES;
				IPHONEOS_DEPLOYMENT_TARGET = 11.0;
				MTL_ENABLE_DEBUG_INFO = YES;
				ONLY_ACTIVE_ARCH = YES;
				SDKROOT = iphoneos;
				SWIFT_ACTIVE_COMPILATION_CONDITIONS = DEBUG;
				SWIFT_OPTIMIZATION_LEVEL = "-Onone";
			};
			name = Debug;
		};
		A5BA71F91FAFB3F900485952 /* Release */ = {
			isa = XCBuildConfiguration;
			buildSettings = {
				ALWAYS_SEARCH_USER_PATHS = NO;
				CLANG_ANALYZER_NONNULL = YES;
				CLANG_ANALYZER_NUMBER_OBJECT_CONVERSION = YES_AGGRESSIVE;
				CLANG_CXX_LANGUAGE_STANDARD = "gnu++14";
				CLANG_CXX_LIBRARY = "libc++";
				CLANG_ENABLE_MODULES = YES;
				CLANG_ENABLE_OBJC_ARC = YES;
				CLANG_WARN_BLOCK_CAPTURE_AUTORELEASING = YES;
				CLANG_WARN_BOOL_CONVERSION = YES;
				CLANG_WARN_COMMA = YES;
				CLANG_WARN_CONSTANT_CONVERSION = YES;
				CLANG_WARN_DIRECT_OBJC_ISA_USAGE = YES_ERROR;
				CLANG_WARN_DOCUMENTATION_COMMENTS = YES;
				CLANG_WARN_EMPTY_BODY = YES;
				CLANG_WARN_ENUM_CONVERSION = YES;
				CLANG_WARN_INFINITE_RECURSION = YES;
				CLANG_WARN_INT_CONVERSION = YES;
				CLANG_WARN_NON_LITERAL_NULL_CONVERSION = YES;
				CLANG_WARN_OBJC_LITERAL_CONVERSION = YES;
				CLANG_WARN_OBJC_ROOT_CLASS = YES_ERROR;
				CLANG_WARN_RANGE_LOOP_ANALYSIS = YES;
				CLANG_WARN_STRICT_PROTOTYPES = YES;
				CLANG_WARN_SUSPICIOUS_MOVE = YES;
				CLANG_WARN_UNGUARDED_AVAILABILITY = YES_AGGRESSIVE;
				CLANG_WARN_UNREACHABLE_CODE = YES;
				CLANG_WARN__DUPLICATE_METHOD_MATCH = YES;
				CODE_SIGN_IDENTITY = "iPhone Developer";
				COPY_PHASE_STRIP = NO;
				DEBUG_INFORMATION_FORMAT = "dwarf-with-dsym";
				ENABLE_NS_ASSERTIONS = NO;
				ENABLE_STRICT_OBJC_MSGSEND = YES;
				GCC_C_LANGUAGE_STANDARD = gnu11;
				GCC_NO_COMMON_BLOCKS = YES;
				GCC_WARN_64_TO_32_BIT_CONVERSION = YES;
				GCC_WARN_ABOUT_RETURN_TYPE = YES_ERROR;
				GCC_WARN_UNDECLARED_SELECTOR = YES;
				GCC_WARN_UNINITIALIZED_AUTOS = YES_AGGRESSIVE;
				GCC_WARN_UNUSED_FUNCTION = YES;
				GCC_WARN_UNUSED_VARIABLE = YES;
				IPHONEOS_DEPLOYMENT_TARGET = 11.0;
				MTL_ENABLE_DEBUG_INFO = NO;
				SDKROOT = iphoneos;
				SWIFT_OPTIMIZATION_LEVEL = "-Owholemodule";
				VALIDATE_PRODUCT = YES;
			};
			name = Release;
		};
		A5BA71FB1FAFB3F900485952 /* Debug */ = {
			isa = XCBuildConfiguration;
			buildSettings = {
				ASSETCATALOG_COMPILER_APPICON_NAME = AppIcon;
				CODE_SIGN_STYLE = Automatic;
				DEVELOPMENT_TEAM = 39957QBL2C;
				INFOPLIST_FILE = AR_Test/Info.plist;
				LD_RUNPATH_SEARCH_PATHS = "$(inherited) @executable_path/Frameworks";
				PRODUCT_BUNDLE_IDENTIFIER = "cyrusRefahi.AR-Test";
				PRODUCT_NAME = "$(TARGET_NAME)";
				SWIFT_VERSION = 4.0;
				TARGETED_DEVICE_FAMILY = "1,2";
			};
			name = Debug;
		};
		A5BA71FC1FAFB3F900485952 /* Release */ = {
			isa = XCBuildConfiguration;
			buildSettings = {
				ASSETCATALOG_COMPILER_APPICON_NAME = AppIcon;
				CODE_SIGN_STYLE = Automatic;
				DEVELOPMENT_TEAM = 39957QBL2C;
				INFOPLIST_FILE = AR_Test/Info.plist;
				LD_RUNPATH_SEARCH_PATHS = "$(inherited) @executable_path/Frameworks";
				PRODUCT_BUNDLE_IDENTIFIER = "cyrusRefahi.AR-Test";
				PRODUCT_NAME = "$(TARGET_NAME)";
				SWIFT_VERSION = 4.0;
				TARGETED_DEVICE_FAMILY = "1,2";
			};
			name = Release;
		};
		A5BA71FE1FAFB3F900485952 /* Debug */ = {
			isa = XCBuildConfiguration;
			buildSettings = {
				ALWAYS_EMBED_SWIFT_STANDARD_LIBRARIES = YES;
				BUNDLE_LOADER = "$(TEST_HOST)";
				CODE_SIGN_STYLE = Automatic;
				DEVELOPMENT_TEAM = 39957QBL2C;
				INFOPLIST_FILE = AR_TestTests/Info.plist;
				LD_RUNPATH_SEARCH_PATHS = "$(inherited) @executable_path/Frameworks @loader_path/Frameworks";
				PRODUCT_BUNDLE_IDENTIFIER = "cyrusRefahi.AR-TestTests";
				PRODUCT_NAME = "$(TARGET_NAME)";
				SWIFT_VERSION = 4.0;
				TARGETED_DEVICE_FAMILY = "1,2";
				TEST_HOST = "$(BUILT_PRODUCTS_DIR)/AR_Test.app/AR_Test";
			};
			name = Debug;
		};
		A5BA71FF1FAFB3F900485952 /* Release */ = {
			isa = XCBuildConfiguration;
			buildSettings = {
				ALWAYS_EMBED_SWIFT_STANDARD_LIBRARIES = YES;
				BUNDLE_LOADER = "$(TEST_HOST)";
				CODE_SIGN_STYLE = Automatic;
				DEVELOPMENT_TEAM = 39957QBL2C;
				INFOPLIST_FILE = AR_TestTests/Info.plist;
				LD_RUNPATH_SEARCH_PATHS = "$(inherited) @executable_path/Frameworks @loader_path/Frameworks";
				PRODUCT_BUNDLE_IDENTIFIER = "cyrusRefahi.AR-TestTests";
				PRODUCT_NAME = "$(TARGET_NAME)";
				SWIFT_VERSION = 4.0;
				TARGETED_DEVICE_FAMILY = "1,2";
				TEST_HOST = "$(BUILT_PRODUCTS_DIR)/AR_Test.app/AR_Test";
			};
			name = Release;
		};
		A5BA72011FAFB3F900485952 /* Debug */ = {
			isa = XCBuildConfiguration;
			buildSettings = {
				ALWAYS_EMBED_SWIFT_STANDARD_LIBRARIES = YES;
				CODE_SIGN_STYLE = Automatic;
				DEVELOPMENT_TEAM = 39957QBL2C;
				INFOPLIST_FILE = AR_TestUITests/Info.plist;
				LD_RUNPATH_SEARCH_PATHS = "$(inherited) @executable_path/Frameworks @loader_path/Frameworks";
				PRODUCT_BUNDLE_IDENTIFIER = "cyrusRefahi.AR-TestUITests";
				PRODUCT_NAME = "$(TARGET_NAME)";
				SWIFT_VERSION = 4.0;
				TARGETED_DEVICE_FAMILY = "1,2";
				TEST_TARGET_NAME = AR_Test;
			};
			name = Debug;
		};
		A5BA72021FAFB3F900485952 /* Release */ = {
			isa = XCBuildConfiguration;
			buildSettings = {
				ALWAYS_EMBED_SWIFT_STANDARD_LIBRARIES = YES;
				CODE_SIGN_STYLE = Automatic;
				DEVELOPMENT_TEAM = 39957QBL2C;
				INFOPLIST_FILE = AR_TestUITests/Info.plist;
				LD_RUNPATH_SEARCH_PATHS = "$(inherited) @executable_path/Frameworks @loader_path/Frameworks";
				PRODUCT_BUNDLE_IDENTIFIER = "cyrusRefahi.AR-TestUITests";
				PRODUCT_NAME = "$(TARGET_NAME)";
				SWIFT_VERSION = 4.0;
				TARGETED_DEVICE_FAMILY = "1,2";
				TEST_TARGET_NAME = AR_Test;
			};
			name = Release;
		};
/* End XCBuildConfiguration section */

/* Begin XCConfigurationList section */
		A5BA71CB1FAFB3F900485952 /* Build configuration list for PBXProject "AR_Test" */ = {
			isa = XCConfigurationList;
			buildConfigurations = (
				A5BA71F81FAFB3F900485952 /* Debug */,
				A5BA71F91FAFB3F900485952 /* Release */,
			);
			defaultConfigurationIsVisible = 0;
			defaultConfigurationName = Release;
		};
		A5BA71FA1FAFB3F900485952 /* Build configuration list for PBXNativeTarget "AR_Test" */ = {
			isa = XCConfigurationList;
			buildConfigurations = (
				A5BA71FB1FAFB3F900485952 /* Debug */,
				A5BA71FC1FAFB3F900485952 /* Release */,
			);
			defaultConfigurationIsVisible = 0;
			defaultConfigurationName = Release;
		};
		A5BA71FD1FAFB3F900485952 /* Build configuration list for PBXNativeTarget "AR_TestTests" */ = {
			isa = XCConfigurationList;
			buildConfigurations = (
				A5BA71FE1FAFB3F900485952 /* Debug */,
				A5BA71FF1FAFB3F900485952 /* Release */,
			);
			defaultConfigurationIsVisible = 0;
			defaultConfigurationName = Release;
		};
		A5BA72001FAFB3F900485952 /* Build configuration list for PBXNativeTarget "AR_TestUITests" */ = {
			isa = XCConfigurationList;
			buildConfigurations = (
				A5BA72011FAFB3F900485952 /* Debug */,
				A5BA72021FAFB3F900485952 /* Release */,
			);
			defaultConfigurationIsVisible = 0;
			defaultConfigurationName = Release;
		};
/* End XCConfigurationList section */
	};
	rootObject = A5BA71C81FAFB3F900485952 /* Project object */;
}
