// !$*UTF8*$!
{
	archiveVersion = 1;
	classes = {
	};
	objectVersion = 48;
	objects = {

/* Begin PBXFileReference section */
		A522BF851FCC42390015FDD7 /* Tamrin.cpp */ = {isa = PBXFileReference; lastKnownFileType = sourcecode.cpp.cpp; path = Tamrin.cpp; sourceTree = "<group>"; };
		A522BF861FCC42390015FDD7 /* Tamrin.hpp */ = {isa = PBXFileReference; lastKnownFileType = sourcecode.cpp.h; path = Tamrin.hpp; sourceTree = "<group>"; };
/* End PBXFileReference section */

/* Begin PBXGroup section */
		A522BF7D1FCC42250015FDD7 = {
			isa = PBXGroup;
			children = (
				A522BF841FCC422D0015FDD7 /* Main */,
			);
			sourceTree = "<group>";
		};
		A522BF841FCC422D0015FDD7 /* Main */ = {
			isa = PBXGroup;
			children = (
				A522BF851FCC42390015FDD7 /* Tamrin.cpp */,
				A522BF861FCC42390015FDD7 /* Tamrin.hpp */,
			);
			path = Main;
			sourceTree = "<group>";
		};
/* End PBXGroup section */

/* Begin PBXProject section */
		A522BF7E1FCC42250015FDD7 /* Project object */ = {
			isa = PBXProject;
			attributes = {
				LastUpgradeCheck = 0900;
			};
			buildConfigurationList = A522BF811FCC42250015FDD7 /* Build configuration list for PBXProject "Tamrin_DS" */;
			compatibilityVersion = "Xcode 8.0";
			developmentRegion = en;
			hasScannedForEncodings = 0;
			knownRegions = (
				en,
			);
			mainGroup = A522BF7D1FCC42250015FDD7;
			projectDirPath = "";
			projectRoot = "";
			targets = (
			);
		};
/* End PBXProject section */

/* Begin XCBuildConfiguration section */
		A522BF821FCC42250015FDD7 /* Debug */ = {
			isa = XCBuildConfiguration;
			buildSettings = {
			};
			name = Debug;
		};
		A522BF831FCC42250015FDD7 /* Release */ = {
			isa = XCBuildConfiguration;
			buildSettings = {
			};
			name = Release;
		};
/* End XCBuildConfiguration section */

/* Begin XCConfigurationList section */
		A522BF811FCC42250015FDD7 /* Build configuration list for PBXProject "Tamrin_DS" */ = {
			isa = XCConfigurationList;
			buildConfigurations = (
				A522BF821FCC42250015FDD7 /* Debug */,
				A522BF831FCC42250015FDD7 /* Release */,
			);
			defaultConfigurationIsVisible = 0;
			defaultConfigurationName = Release;
		};
/* End XCConfigurationList section */
	};
	rootObject = A522BF7E1FCC42250015FDD7 /* Project object */;
}
